// !$*UTF8*$!
{
	archiveVersion = 1;
	classes = {
	};
	objectVersion = 48;
	objects = {

/* Begin PBXBuildFile section */
		2CA9BE5A1F558E8700BEBE07 /* AppDelegate.swift in Sources */ = {isa = PBXBuildFile; fileRef = 2CA9BE591F558E8700BEBE07 /* AppDelegate.swift */; };
		2CA9BE5C1F558E8700BEBE07 /* ViewController.swift in Sources */ = {isa = PBXBuildFile; fileRef = 2CA9BE5B1F558E8700BEBE07 /* ViewController.swift */; };
		2CA9BE5F1F558E8700BEBE07 /* Main.storyboard in Resources */ = {isa = PBXBuildFile; fileRef = 2CA9BE5D1F558E8700BEBE07 /* Main.storyboard */; };
		2CA9BE611F558E8700BEBE07 /* Assets.xcassets in Resources */ = {isa = PBXBuildFile; fileRef = 2CA9BE601F558E8700BEBE07 /* Assets.xcassets */; };
		2CA9BE641F558E8700BEBE07 /* LaunchScreen.storyboard in Resources */ = {isa = PBXBuildFile; fileRef = 2CA9BE621F558E8700BEBE07 /* LaunchScreen.storyboard */; };
		2CA9BE6F1F558E8700BEBE07 /* CircleTableTests.swift in Sources */ = {isa = PBXBuildFile; fileRef = 2CA9BE6E1F558E8700BEBE07 /* CircleTableTests.swift */; };
		2CA9BE7A1F558E8700BEBE07 /* CircleTableUITests.swift in Sources */ = {isa = PBXBuildFile; fileRef = 2CA9BE791F558E8700BEBE07 /* CircleTableUITests.swift */; };
		2CA9BE881F55AFC500BEBE07 /* CViewController.swift in Sources */ = {isa = PBXBuildFile; fileRef = 2CA9BE871F55AFC500BEBE07 /* CViewController.swift */; };
		2CA9BE8A1F55B02E00BEBE07 /* TableFlowLayout.swift in Sources */ = {isa = PBXBuildFile; fileRef = 2CA9BE891F55B02E00BEBE07 /* TableFlowLayout.swift */; };
/* End PBXBuildFile section */

/* Begin PBXContainerItemProxy section */
		2CA9BE6B1F558E8700BEBE07 /* PBXContainerItemProxy */ = {
			isa = PBXContainerItemProxy;
			containerPortal = 2CA9BE4E1F558E8700BEBE07 /* Project object */;
			proxyType = 1;
			remoteGlobalIDString = 2CA9BE551F558E8700BEBE07;
			remoteInfo = CircleTable;
		};
		2CA9BE761F558E8700BEBE07 /* PBXContainerItemProxy */ = {
			isa = PBXContainerItemProxy;
			containerPortal = 2CA9BE4E1F558E8700BEBE07 /* Project object */;
			proxyType = 1;
			remoteGlobalIDString = 2CA9BE551F558E8700BEBE07;
			remoteInfo = CircleTable;
		};
/* End PBXContainerItemProxy section */

/* Begin PBXFileReference section */
		2CA9BE561F558E8700BEBE07 /* CircleTable.app */ = {isa = PBXFileReference; explicitFileType = wrapper.application; includeInIndex = 0; path = CircleTable.app; sourceTree = BUILT_PRODUCTS_DIR; };
		2CA9BE591F558E8700BEBE07 /* AppDelegate.swift */ = {isa = PBXFileReference; lastKnownFileType = sourcecode.swift; path = AppDelegate.swift; sourceTree = "<group>"; };
		2CA9BE5B1F558E8700BEBE07 /* ViewController.swift */ = {isa = PBXFileReference; lastKnownFileType = sourcecode.swift; path = ViewController.swift; sourceTree = "<group>"; };
		2CA9BE5E1F558E8700BEBE07 /* Base */ = {isa = PBXFileReference; lastKnownFileType = file.storyboard; name = Base; path = Base.lproj/Main.storyboard; sourceTree = "<group>"; };
		2CA9BE601F558E8700BEBE07 /* Assets.xcassets */ = {isa = PBXFileReference; lastKnownFileType = folder.assetcatalog; path = Assets.xcassets; sourceTree = "<group>"; };
		2CA9BE631F558E8700BEBE07 /* Base */ = {isa = PBXFileReference; lastKnownFileType = file.storyboard; name = Base; path = Base.lproj/LaunchScreen.storyboard; sourceTree = "<group>"; };
		2CA9BE651F558E8700BEBE07 /* Info.plist */ = {isa = PBXFileReference; lastKnownFileType = text.plist.xml; path = Info.plist; sourceTree = "<group>"; };
		2CA9BE6A1F558E8700BEBE07 /* CircleTableTests.xctest */ = {isa = PBXFileReference; explicitFileType = wrapper.cfbundle; includeInIndex = 0; path = CircleTableTests.xctest; sourceTree = BUILT_PRODUCTS_DIR; };
		2CA9BE6E1F558E8700BEBE07 /* CircleTableTests.swift */ = {isa = PBXFileReference; lastKnownFileType = sourcecode.swift; path = CircleTableTests.swift; sourceTree = "<group>"; };
		2CA9BE701F558E8700BEBE07 /* Info.plist */ = {isa = PBXFileReference; lastKnownFileType = text.plist.xml; path = Info.plist; sourceTree = "<group>"; };
		2CA9BE751F558E8700BEBE07 /* CircleTableUITests.xctest */ = {isa = PBXFileReference; explicitFileType = wrapper.cfbundle; includeInIndex = 0; path = CircleTableUITests.xctest; sourceTree = BUILT_PRODUCTS_DIR; };
		2CA9BE791F558E8700BEBE07 /* CircleTableUITests.swift */ = {isa = PBXFileReference; lastKnownFileType = sourcecode.swift; path = CircleTableUITests.swift; sourceTree = "<group>"; };
		2CA9BE7B1F558E8700BEBE07 /* Info.plist */ = {isa = PBXFileReference; lastKnownFileType = text.plist.xml; path = Info.plist; sourceTree = "<group>"; };
		2CA9BE871F55AFC500BEBE07 /* CViewController.swift */ = {isa = PBXFileReference; lastKnownFileType = sourcecode.swift; path = CViewController.swift; sourceTree = "<group>"; };
		2CA9BE891F55B02E00BEBE07 /* TableFlowLayout.swift */ = {isa = PBXFileReference; lastKnownFileType = sourcecode.swift; path = TableFlowLayout.swift; sourceTree = "<group>"; };
/* End PBXFileReference section */

/* Begin PBXFrameworksBuildPhase section */
		2CA9BE531F558E8700BEBE07 /* Frameworks */ = {
			isa = PBXFrameworksBuildPhase;
			buildActionMask = 2147483647;
			files = (
			);
			runOnlyForDeploymentPostprocessing = 0;
		};
		2CA9BE671F558E8700BEBE07 /* Frameworks */ = {
			isa = PBXFrameworksBuildPhase;
			buildActionMask = 2147483647;
			files = (
			);
			runOnlyForDeploymentPostprocessing = 0;
		};
		2CA9BE721F558E8700BEBE07 /* Frameworks */ = {
			isa = PBXFrameworksBuildPhase;
			buildActionMask = 2147483647;
			files = (
			);
			runOnlyForDeploymentPostprocessing = 0;
		};
/* End PBXFrameworksBuildPhase section */

/* Begin PBXGroup section */
		2CA9BE4D1F558E8700BEBE07 = {
			isa = PBXGroup;
			children = (
				2CA9BE581F558E8700BEBE07 /* CircleTable */,
				2CA9BE6D1F558E8700BEBE07 /* CircleTableTests */,
				2CA9BE781F558E8700BEBE07 /* CircleTableUITests */,
				2CA9BE571F558E8700BEBE07 /* Products */,
			);
			sourceTree = "<group>";
		};
		2CA9BE571F558E8700BEBE07 /* Products */ = {
			isa = PBXGroup;
			children = (
				2CA9BE561F558E8700BEBE07 /* CircleTable.app */,
				2CA9BE6A1F558E8700BEBE07 /* CircleTableTests.xctest */,
				2CA9BE751F558E8700BEBE07 /* CircleTableUITests.xctest */,
			);
			name = Products;
			sourceTree = "<group>";
		};
		2CA9BE581F558E8700BEBE07 /* CircleTable */ = {
			isa = PBXGroup;
			children = (
				2CA9BE591F558E8700BEBE07 /* AppDelegate.swift */,
				2CA9BE5B1F558E8700BEBE07 /* ViewController.swift */,
				2CA9BE871F55AFC500BEBE07 /* CViewController.swift */,
				2CA9BE891F55B02E00BEBE07 /* TableFlowLayout.swift */,
				2CA9BE5D1F558E8700BEBE07 /* Main.storyboard */,
				2CA9BE601F558E8700BEBE07 /* Assets.xcassets */,
				2CA9BE621F558E8700BEBE07 /* LaunchScreen.storyboard */,
				2CA9BE651F558E8700BEBE07 /* Info.plist */,
			);
			path = CircleTable;
			sourceTree = "<group>";
		};
		2CA9BE6D1F558E8700BEBE07 /* CircleTableTests */ = {
			isa = PBXGroup;
			children = (
				2CA9BE6E1F558E8700BEBE07 /* CircleTableTests.swift */,
				2CA9BE701F558E8700BEBE07 /* Info.plist */,
			);
			path = CircleTableTests;
			sourceTree = "<group>";
		};
		2CA9BE781F558E8700BEBE07 /* CircleTableUITests */ = {
			isa = PBXGroup;
			children = (
				2CA9BE791F558E8700BEBE07 /* CircleTableUITests.swift */,
				2CA9BE7B1F558E8700BEBE07 /* Info.plist */,
			);
			path = CircleTableUITests;
			sourceTree = "<group>";
		};
/* End PBXGroup section */

/* Begin PBXNativeTarget section */
		2CA9BE551F558E8700BEBE07 /* CircleTable */ = {
			isa = PBXNativeTarget;
			buildConfigurationList = 2CA9BE7E1F558E8700BEBE07 /* Build configuration list for PBXNativeTarget "CircleTable" */;
			buildPhases = (
				2CA9BE521F558E8700BEBE07 /* Sources */,
				2CA9BE531F558E8700BEBE07 /* Frameworks */,
				2CA9BE541F558E8700BEBE07 /* Resources */,
			);
			buildRules = (
			);
			dependencies = (
			);
			name = CircleTable;
			productName = CircleTable;
			productReference = 2CA9BE561F558E8700BEBE07 /* CircleTable.app */;
			productType = "com.apple.product-type.application";
		};
		2CA9BE691F558E8700BEBE07 /* CircleTableTests */ = {
			isa = PBXNativeTarget;
			buildConfigurationList = 2CA9BE811F558E8700BEBE07 /* Build configuration list for PBXNativeTarget "CircleTableTests" */;
			buildPhases = (
				2CA9BE661F558E8700BEBE07 /* Sources */,
				2CA9BE671F558E8700BEBE07 /* Frameworks */,
				2CA9BE681F558E8700BEBE07 /* Resources */,
			);
			buildRules = (
			);
			dependencies = (
				2CA9BE6C1F558E8700BEBE07 /* PBXTargetDependency */,
			);
			name = CircleTableTests;
			productName = CircleTableTests;
			productReference = 2CA9BE6A1F558E8700BEBE07 /* CircleTableTests.xctest */;
			productType = "com.apple.product-type.bundle.unit-test";
		};
		2CA9BE741F558E8700BEBE07 /* CircleTableUITests */ = {
			isa = PBXNativeTarget;
			buildConfigurationList = 2CA9BE841F558E8700BEBE07 /* Build configuration list for PBXNativeTarget "CircleTableUITests" */;
			buildPhases = (
				2CA9BE711F558E8700BEBE07 /* Sources */,
				2CA9BE721F558E8700BEBE07 /* Frameworks */,
				2CA9BE731F558E8700BEBE07 /* Resources */,
			);
			buildRules = (
			);
			dependencies = (
				2CA9BE771F558E8700BEBE07 /* PBXTargetDependency */,
			);
			name = CircleTableUITests;
			productName = CircleTableUITests;
			productReference = 2CA9BE751F558E8700BEBE07 /* CircleTableUITests.xctest */;
			productType = "com.apple.product-type.bundle.ui-testing";
		};
/* End PBXNativeTarget section */

/* Begin PBXProject section */
		2CA9BE4E1F558E8700BEBE07 /* Project object */ = {
			isa = PBXProject;
			attributes = {
				LastSwiftUpdateCheck = 0900;
				LastUpgradeCheck = 0900;
				ORGANIZATIONNAME = HUAYUN;
				TargetAttributes = {
					2CA9BE551F558E8700BEBE07 = {
						CreatedOnToolsVersion = 9.0;
						ProvisioningStyle = Automatic;
					};
					2CA9BE691F558E8700BEBE07 = {
						CreatedOnToolsVersion = 9.0;
						ProvisioningStyle = Automatic;
						TestTargetID = 2CA9BE551F558E8700BEBE07;
					};
					2CA9BE741F558E8700BEBE07 = {
						CreatedOnToolsVersion = 9.0;
						ProvisioningStyle = Automatic;
						TestTargetID = 2CA9BE551F558E8700BEBE07;
					};
				};
			};
			buildConfigurationList = 2CA9BE511F558E8700BEBE07 /* Build configuration list for PBXProject "CircleTable" */;
			compatibilityVersion = "Xcode 8.0";
			developmentRegion = en;
			hasScannedForEncodings = 0;
			knownRegions = (
				en,
				Base,
			);
			mainGroup = 2CA9BE4D1F558E8700BEBE07;
			productRefGroup = 2CA9BE571F558E8700BEBE07 /* Products */;
			projectDirPath = "";
			projectRoot = "";
			targets = (
				2CA9BE551F558E8700BEBE07 /* CircleTable */,
				2CA9BE691F558E8700BEBE07 /* CircleTableTests */,
				2CA9BE741F558E8700BEBE07 /* CircleTableUITests */,
			);
		};
/* End PBXProject section */

/* Begin PBXResourcesBuildPhase section */
		2CA9BE541F558E8700BEBE07 /* Resources */ = {
			isa = PBXResourcesBuildPhase;
			buildActionMask = 2147483647;
			files = (
				2CA9BE641F558E8700BEBE07 /* LaunchScreen.storyboard in Resources */,
				2CA9BE611F558E8700BEBE07 /* Assets.xcassets in Resources */,
				2CA9BE5F1F558E8700BEBE07 /* Main.storyboard in Resources */,
			);
			runOnlyForDeploymentPostprocessing = 0;
		};
		2CA9BE681F558E8700BEBE07 /* Resources */ = {
			isa = PBXResourcesBuildPhase;
			buildActionMask = 2147483647;
			files = (
			);
			runOnlyForDeploymentPostprocessing = 0;
		};
		2CA9BE731F558E8700BEBE07 /* Resources */ = {
			isa = PBXResourcesBuildPhase;
			buildActionMask = 2147483647;
			files = (
			);
			runOnlyForDeploymentPostprocessing = 0;
		};
/* End PBXResourcesBuildPhase section */

/* Begin PBXSourcesBuildPhase section */
		2CA9BE521F558E8700BEBE07 /* Sources */ = {
			isa = PBXSourcesBuildPhase;
			buildActionMask = 2147483647;
			files = (
				2CA9BE5C1F558E8700BEBE07 /* ViewController.swift in Sources */,
				2CA9BE881F55AFC500BEBE07 /* CViewController.swift in Sources */,
				2CA9BE8A1F55B02E00BEBE07 /* TableFlowLayout.swift in Sources */,
				2CA9BE5A1F558E8700BEBE07 /* AppDelegate.swift in Sources */,
			);
			runOnlyForDeploymentPostprocessing = 0;
		};
		2CA9BE661F558E8700BEBE07 /* Sources */ = {
			isa = PBXSourcesBuildPhase;
			buildActionMask = 2147483647;
			files = (
				2CA9BE6F1F558E8700BEBE07 /* CircleTableTests.swift in Sources */,
			);
			runOnlyForDeploymentPostprocessing = 0;
		};
		2CA9BE711F558E8700BEBE07 /* Sources */ = {
			isa = PBXSourcesBuildPhase;
			buildActionMask = 2147483647;
			files = (
				2CA9BE7A1F558E8700BEBE07 /* CircleTableUITests.swift in Sources */,
			);
			runOnlyForDeploymentPostprocessing = 0;
		};
/* End PBXSourcesBuildPhase section */

/* Begin PBXTargetDependency section */
		2CA9BE6C1F558E8700BEBE07 /* PBXTargetDependency */ = {
			isa = PBXTargetDependency;
			target = 2CA9BE551F558E8700BEBE07 /* CircleTable */;
			targetProxy = 2CA9BE6B1F558E8700BEBE07 /* PBXContainerItemProxy */;
		};
		2CA9BE771F558E8700BEBE07 /* PBXTargetDependency */ = {
			isa = PBXTargetDependency;
			target = 2CA9BE551F558E8700BEBE07 /* CircleTable */;
			targetProxy = 2CA9BE761F558E8700BEBE07 /* PBXContainerItemProxy */;
		};
/* End PBXTargetDependency section */

/* Begin PBXVariantGroup section */
		2CA9BE5D1F558E8700BEBE07 /* Main.storyboard */ = {
			isa = PBXVariantGroup;
			children = (
				2CA9BE5E1F558E8700BEBE07 /* Base */,
			);
			name = Main.storyboard;
			sourceTree = "<group>";
		};
		2CA9BE621F558E8700BEBE07 /* LaunchScreen.storyboard */ = {
			isa = PBXVariantGroup;
			children = (
				2CA9BE631F558E8700BEBE07 /* Base */,
			);
			name = LaunchScreen.storyboard;
			sourceTree = "<group>";
		};
/* End PBXVariantGroup section */

/* Begin XCBuildConfiguration section */
		2CA9BE7C1F558E8700BEBE07 /* Debug */ = {
			isa = XCBuildConfiguration;
			buildSettings = {
				ALWAYS_SEARCH_USER_PATHS = NO;
				CLANG_ANALYZER_NONNULL = YES;
				CLANG_ANALYZER_NUMBER_OBJECT_CONVERSION = YES_AGGRESSIVE;
				CLANG_CXX_LANGUAGE_STANDARD = "gnu++14";
				CLANG_CXX_LIBRARY = "libc++";
				CLANG_ENABLE_MODULES = YES;
				CLANG_ENABLE_OBJC_ARC = YES;
				CLANG_WARN_BLOCK_CAPTURE_AUTORELEASING = YES;
				CLANG_WARN_BOOL_CONVERSION = YES;
				CLANG_WARN_COMMA = YES;
				CLANG_WARN_CONSTANT_CONVERSION = YES;
				CLANG_WARN_DIRECT_OBJC_ISA_USAGE = YES_ERROR;
				CLANG_WARN_DOCUMENTATION_COMMENTS = YES;
				CLANG_WARN_EMPTY_BODY = YES;
				CLANG_WARN_ENUM_CONVERSION = YES;
				CLANG_WARN_INFINITE_RECURSION = YES;
				CLANG_WARN_INT_CONVERSION = YES;
				CLANG_WARN_NON_LITERAL_NULL_CONVERSION = YES;
				CLANG_WARN_OBJC_LITERAL_CONVERSION = YES;
				CLANG_WARN_OBJC_ROOT_CLASS = YES_ERROR;
				CLANG_WARN_RANGE_LOOP_ANALYSIS = YES;
				CLANG_WARN_STRICT_PROTOTYPES = YES;
				CLANG_WARN_SUSPICIOUS_MOVE = YES;
				CLANG_WARN_UNGUARDED_AVAILABILITY = YES_AGGRESSIVE;
				CLANG_WARN_UNREACHABLE_CODE = YES;
				CLANG_WARN__DUPLICATE_METHOD_MATCH = YES;
				CODE_SIGN_IDENTITY = "iPhone Developer";
				COPY_PHASE_STRIP = NO;
				DEBUG_INFORMATION_FORMAT = dwarf;
				ENABLE_STRICT_OBJC_MSGSEND = YES;
				ENABLE_TESTABILITY = YES;
				GCC_C_LANGUAGE_STANDARD = gnu11;
				GCC_DYNAMIC_NO_PIC = NO;
				GCC_NO_COMMON_BLOCKS = YES;
				GCC_OPTIMIZATION_LEVEL = 0;
				GCC_PREPROCESSOR_DEFINITIONS = (
					"DEBUG=1",
					"$(inherited)",
				);
				GCC_WARN_64_TO_32_BIT_CONVERSION = YES;
				GCC_WARN_ABOUT_RETURN_TYPE = YES_ERROR;
				GCC_WARN_UNDECLARED_SELECTOR = YES;
				GCC_WARN_UNINITIALIZED_AUTOS = YES_AGGRESSIVE;
				GCC_WARN_UNUSED_FUNCTION = YES;
				GCC_WARN_UNUSED_VARIABLE = YES;
				IPHONEOS_DEPLOYMENT_TARGET = 11.0;
				MTL_ENABLE_DEBUG_INFO = YES;
				ONLY_ACTIVE_ARCH = YES;
				SDKROOT = iphoneos;
				SWIFT_ACTIVE_COMPILATION_CONDITIONS = DEBUG;
				SWIFT_OPTIMIZATION_LEVEL = "-Onone";
			};
			name = Debug;
		};
		2CA9BE7D1F558E8700BEBE07 /* Release */ = {
			isa = XCBuildConfiguration;
			buildSettings = {
				ALWAYS_SEARCH_USER_PATHS = NO;
				CLANG_ANALYZER_NONNULL = YES;
				CLANG_ANALYZER_NUMBER_OBJECT_CONVERSION = YES_AGGRESSIVE;
				CLANG_CXX_LANGUAGE_STANDARD = "gnu++14";
				CLANG_CXX_LIBRARY = "libc++";
				CLANG_ENABLE_MODULES = YES;
				CLANG_ENABLE_OBJC_ARC = YES;
				CLANG_WARN_BLOCK_CAPTURE_AUTORELEASING = YES;
				CLANG_WARN_BOOL_CONVERSION = YES;
				CLANG_WARN_COMMA = YES;
				CLANG_WARN_CONSTANT_CONVERSION = YES;
				CLANG_WARN_DIRECT_OBJC_ISA_USAGE = YES_ERROR;
				CLANG_WARN_DOCUMENTATION_COMMENTS = YES;
				CLANG_WARN_EMPTY_BODY = YES;
				CLANG_WARN_ENUM_CONVERSION = YES;
				CLANG_WARN_INFINITE_RECURSION = YES;
				CLANG_WARN_INT_CONVERSION = YES;
				CLANG_WARN_NON_LITERAL_NULL_CONVERSION = YES;
				CLANG_WARN_OBJC_LITERAL_CONVERSION = YES;
				CLANG_WARN_OBJC_ROOT_CLASS = YES_ERROR;
				CLANG_WARN_RANGE_LOOP_ANALYSIS = YES;
				CLANG_WARN_STRICT_PROTOTYPES = YES;
				CLANG_WARN_SUSPICIOUS_MOVE = YES;
				CLANG_WARN_UNGUARDED_AVAILABILITY = YES_AGGRESSIVE;
				CLANG_WARN_UNREACHABLE_CODE = YES;
				CLANG_WARN__DUPLICATE_METHOD_MATCH = YES;
				CODE_SIGN_IDENTITY = "iPhone Developer";
				COPY_PHASE_STRIP = NO;
				DEBUG_INFORMATION_FORMAT = "dwarf-with-dsym";
				ENABLE_NS_ASSERTIONS = NO;
				ENABLE_STRICT_OBJC_MSGSEND = YES;
				GCC_C_LANGUAGE_STANDARD = gnu11;
				GCC_NO_COMMON_BLOCKS = YES;
				GCC_WARN_64_TO_32_BIT_CONVERSION = YES;
				GCC_WARN_ABOUT_RETURN_TYPE = YES_ERROR;
				GCC_WARN_UNDECLARED_SELECTOR = YES;
				GCC_WARN_UNINITIALIZED_AUTOS = YES_AGGRESSIVE;
				GCC_WARN_UNUSED_FUNCTION = YES;
				GCC_WARN_UNUSED_VARIABLE = YES;
				IPHONEOS_DEPLOYMENT_TARGET = 11.0;
				MTL_ENABLE_DEBUG_INFO = NO;
				SDKROOT = iphoneos;
				SWIFT_OPTIMIZATION_LEVEL = "-Owholemodule";
				VALIDATE_PRODUCT = YES;
			};
			name = Release;
		};
		2CA9BE7F1F558E8700BEBE07 /* Debug */ = {
			isa = XCBuildConfiguration;
			buildSettings = {
				ASSETCATALOG_COMPILER_APPICON_NAME = AppIcon;
				CODE_SIGN_STYLE = Automatic;
				DEVELOPMENT_TEAM = 2NS9C5985G;
				INFOPLIST_FILE = CircleTable/Info.plist;
				IPHONEOS_DEPLOYMENT_TARGET = 10.0;
				LD_RUNPATH_SEARCH_PATHS = "$(inherited) @executable_path/Frameworks";
				PRODUCT_BUNDLE_IDENTIFIER = com.lianchang.CircleTable;
				PRODUCT_NAME = "$(TARGET_NAME)";
				SWIFT_VERSION = 4.0;
				TARGETED_DEVICE_FAMILY = "1,2";
			};
			name = Debug;
		};
		2CA9BE801F558E8700BEBE07 /* Release */ = {
			isa = XCBuildConfiguration;
			buildSettings = {
				ASSETCATALOG_COMPILER_APPICON_NAME = AppIcon;
				CODE_SIGN_STYLE = Automatic;
				DEVELOPMENT_TEAM = 2NS9C5985G;
				INFOPLIST_FILE = CircleTable/Info.plist;
				IPHONEOS_DEPLOYMENT_TARGET = 10.0;
				LD_RUNPATH_SEARCH_PATHS = "$(inherited) @executable_path/Frameworks";
				PRODUCT_BUNDLE_IDENTIFIER = com.lianchang.CircleTable;
				PRODUCT_NAME = "$(TARGET_NAME)";
				SWIFT_VERSION = 4.0;
				TARGETED_DEVICE_FAMILY = "1,2";
			};
			name = Release;
		};
		2CA9BE821F558E8700BEBE07 /* Debug */ = {
			isa = XCBuildConfiguration;
			buildSettings = {
				ALWAYS_EMBED_SWIFT_STANDARD_LIBRARIES = YES;
				BUNDLE_LOADER = "$(TEST_HOST)";
				CODE_SIGN_STYLE = Automatic;
				DEVELOPMENT_TEAM = 2NS9C5985G;
				INFOPLIST_FILE = CircleTableTests/Info.plist;
				LD_RUNPATH_SEARCH_PATHS = "$(inherited) @executable_path/Frameworks @loader_path/Frameworks";
				PRODUCT_BUNDLE_IDENTIFIER = com.lianchang.CircleTableTests;
				PRODUCT_NAME = "$(TARGET_NAME)";
				SWIFT_VERSION = 4.0;
				TARGETED_DEVICE_FAMILY = "1,2";
				TEST_HOST = "$(BUILT_PRODUCTS_DIR)/CircleTable.app/CircleTable";
			};
			name = Debug;
		};
		2CA9BE831F558E8700BEBE07 /* Release */ = {
			isa = XCBuildConfiguration;
			buildSettings = {
				ALWAYS_EMBED_SWIFT_STANDARD_LIBRARIES = YES;
				BUNDLE_LOADER = "$(TEST_HOST)";
				CODE_SIGN_STYLE = Automatic;
				DEVELOPMENT_TEAM = 2NS9C5985G;
				INFOPLIST_FILE = CircleTableTests/Info.plist;
				LD_RUNPATH_SEARCH_PATHS = "$(inherited) @executable_path/Frameworks @loader_path/Frameworks";
				PRODUCT_BUNDLE_IDENTIFIER = com.lianchang.CircleTableTests;
				PRODUCT_NAME = "$(TARGET_NAME)";
				SWIFT_VERSION = 4.0;
				TARGETED_DEVICE_FAMILY = "1,2";
				TEST_HOST = "$(BUILT_PRODUCTS_DIR)/CircleTable.app/CircleTable";
			};
			name = Release;
		};
		2CA9BE851F558E8700BEBE07 /* Debug */ = {
			isa = XCBuildConfiguration;
			buildSettings = {
				ALWAYS_EMBED_SWIFT_STANDARD_LIBRARIES = YES;
				CODE_SIGN_STYLE = Automatic;
				DEVELOPMENT_TEAM = 2NS9C5985G;
				INFOPLIST_FILE = CircleTableUITests/Info.plist;
				LD_RUNPATH_SEARCH_PATHS = "$(inherited) @executable_path/Frameworks @loader_path/Frameworks";
				PRODUCT_BUNDLE_IDENTIFIER = com.lianchang.CircleTableUITests;
				PRODUCT_NAME = "$(TARGET_NAME)";
				SWIFT_VERSION = 4.0;
				TARGETED_DEVICE_FAMILY = "1,2";
				TEST_TARGET_NAME = CircleTable;
			};
			name = Debug;
		};
		2CA9BE861F558E8700BEBE07 /* Release */ = {
			isa = XCBuildConfiguration;
			buildSettings = {
				ALWAYS_EMBED_SWIFT_STANDARD_LIBRARIES = YES;
				CODE_SIGN_STYLE = Automatic;
				DEVELOPMENT_TEAM = 2NS9C5985G;
				INFOPLIST_FILE = CircleTableUITests/Info.plist;
				LD_RUNPATH_SEARCH_PATHS = "$(inherited) @executable_path/Frameworks @loader_path/Frameworks";
				PRODUCT_BUNDLE_IDENTIFIER = com.lianchang.CircleTableUITests;
				PRODUCT_NAME = "$(TARGET_NAME)";
				SWIFT_VERSION = 4.0;
				TARGETED_DEVICE_FAMILY = "1,2";
				TEST_TARGET_NAME = CircleTable;
			};
			name = Release;
		};
/* End XCBuildConfiguration section */

/* Begin XCConfigurationList section */
		2CA9BE511F558E8700BEBE07 /* Build configuration list for PBXProject "CircleTable" */ = {
			isa = XCConfigurationList;
			buildConfigurations = (
				2CA9BE7C1F558E8700BEBE07 /* Debug */,
				2CA9BE7D1F558E8700BEBE07 /* Release */,
			);
			defaultConfigurationIsVisible = 0;
			defaultConfigurationName = Release;
		};
		2CA9BE7E1F558E8700BEBE07 /* Build configuration list for PBXNativeTarget "CircleTable" */ = {
			isa = XCConfigurationList;
			buildConfigurations = (
				2CA9BE7F1F558E8700BEBE07 /* Debug */,
				2CA9BE801F558E8700BEBE07 /* Release */,
			);
			defaultConfigurationIsVisible = 0;
			defaultConfigurationName = Release;
		};
		2CA9BE811F558E8700BEBE07 /* Build configuration list for PBXNativeTarget "CircleTableTests" */ = {
			isa = XCConfigurationList;
			buildConfigurations = (
				2CA9BE821F558E8700BEBE07 /* Debug */,
				2CA9BE831F558E8700BEBE07 /* Release */,
			);
			defaultConfigurationIsVisible = 0;
			defaultConfigurationName = Release;
		};
		2CA9BE841F558E8700BEBE07 /* Build configuration list for PBXNativeTarget "CircleTableUITests" */ = {
			isa = XCConfigurationList;
			buildConfigurations = (
				2CA9BE851F558E8700BEBE07 /* Debug */,
				2CA9BE861F558E8700BEBE07 /* Release */,
			);
			defaultConfigurationIsVisible = 0;
			defaultConfigurationName = Release;
		};
/* End XCConfigurationList section */
	};
	rootObject = 2CA9BE4E1F558E8700BEBE07 /* Project object */;
}
